// !$*UTF8*$!
{
	archiveVersion = 1;
	classes = {
	};
	objectVersion = 50;
	objects = {

/* Begin PBXBuildFile section */
		0F54A4F6235AB19F0020CB51 /* AppDelegate.swift in Sources */ = {isa = PBXBuildFile; fileRef = 0F54A4F5235AB19F0020CB51 /* AppDelegate.swift */; };
		0F54A4FB235AB19F0020CB51 /* Main.storyboard in Resources */ = {isa = PBXBuildFile; fileRef = 0F54A4F9235AB19F0020CB51 /* Main.storyboard */; };
		0F54A4FD235AB1A10020CB51 /* Assets.xcassets in Resources */ = {isa = PBXBuildFile; fileRef = 0F54A4FC235AB1A10020CB51 /* Assets.xcassets */; };
		0F54A500235AB1A10020CB51 /* LaunchScreen.storyboard in Resources */ = {isa = PBXBuildFile; fileRef = 0F54A4FE235AB1A10020CB51 /* LaunchScreen.storyboard */; };
		0F54A50B235AB1A10020CB51 /* phlixTests.swift in Sources */ = {isa = PBXBuildFile; fileRef = 0F54A50A235AB1A10020CB51 /* phlixTests.swift */; };
		0F54A516235AB1A10020CB51 /* phlixUITests.swift in Sources */ = {isa = PBXBuildFile; fileRef = 0F54A515235AB1A10020CB51 /* phlixUITests.swift */; };
		0F54A524235AB4E60020CB51 /* MoviesViewController.swift in Sources */ = {isa = PBXBuildFile; fileRef = 0F54A523235AB4E60020CB51 /* MoviesViewController.swift */; };
		0F54A526235ACADA0020CB51 /* MovieCell.swift in Sources */ = {isa = PBXBuildFile; fileRef = 0F54A525235ACADA0020CB51 /* MovieCell.swift */; };
		37D9C98EB897D4C0E6D1AE40 /* Pods_phlixTests.framework in Frameworks */ = {isa = PBXBuildFile; fileRef = CEBD95604F903B78461C9C2C /* Pods_phlixTests.framework */; };
		818B320EC3C639F7A190C69C /* Pods_phlix_phlixUITests.framework in Frameworks */ = {isa = PBXBuildFile; fileRef = 97F9392DD06E018B807A3329 /* Pods_phlix_phlixUITests.framework */; };
		F5BD119695B46A9AD296B787 /* Pods_phlix.framework in Frameworks */ = {isa = PBXBuildFile; fileRef = 8B5D01E605D19275133C9CB4 /* Pods_phlix.framework */; };
/* End PBXBuildFile section */

/* Begin PBXContainerItemProxy section */
		0F54A507235AB1A10020CB51 /* PBXContainerItemProxy */ = {
			isa = PBXContainerItemProxy;
			containerPortal = 0F54A4EA235AB19F0020CB51 /* Project object */;
			proxyType = 1;
			remoteGlobalIDString = 0F54A4F1235AB19F0020CB51;
			remoteInfo = phlix;
		};
		0F54A512235AB1A10020CB51 /* PBXContainerItemProxy */ = {
			isa = PBXContainerItemProxy;
			containerPortal = 0F54A4EA235AB19F0020CB51 /* Project object */;
			proxyType = 1;
			remoteGlobalIDString = 0F54A4F1235AB19F0020CB51;
			remoteInfo = phlix;
		};
/* End PBXContainerItemProxy section */

/* Begin PBXFileReference section */
		0F54A4F2235AB19F0020CB51 /* phlix.app */ = {isa = PBXFileReference; explicitFileType = wrapper.application; includeInIndex = 0; path = phlix.app; sourceTree = BUILT_PRODUCTS_DIR; };
		0F54A4F5235AB19F0020CB51 /* AppDelegate.swift */ = {isa = PBXFileReference; lastKnownFileType = sourcecode.swift; path = AppDelegate.swift; sourceTree = "<group>"; };
		0F54A4FA235AB19F0020CB51 /* Base */ = {isa = PBXFileReference; lastKnownFileType = file.storyboard; name = Base; path = Base.lproj/Main.storyboard; sourceTree = "<group>"; };
		0F54A4FC235AB1A10020CB51 /* Assets.xcassets */ = {isa = PBXFileReference; lastKnownFileType = folder.assetcatalog; path = Assets.xcassets; sourceTree = "<group>"; };
		0F54A4FF235AB1A10020CB51 /* Base */ = {isa = PBXFileReference; lastKnownFileType = file.storyboard; name = Base; path = Base.lproj/LaunchScreen.storyboard; sourceTree = "<group>"; };
		0F54A501235AB1A10020CB51 /* Info.plist */ = {isa = PBXFileReference; lastKnownFileType = text.plist.xml; path = Info.plist; sourceTree = "<group>"; };
		0F54A506235AB1A10020CB51 /* phlixTests.xctest */ = {isa = PBXFileReference; explicitFileType = wrapper.cfbundle; includeInIndex = 0; path = phlixTests.xctest; sourceTree = BUILT_PRODUCTS_DIR; };
		0F54A50A235AB1A10020CB51 /* phlixTests.swift */ = {isa = PBXFileReference; lastKnownFileType = sourcecode.swift; path = phlixTests.swift; sourceTree = "<group>"; };
		0F54A50C235AB1A10020CB51 /* Info.plist */ = {isa = PBXFileReference; lastKnownFileType = text.plist.xml; path = Info.plist; sourceTree = "<group>"; };
		0F54A511235AB1A10020CB51 /* phlixUITests.xctest */ = {isa = PBXFileReference; explicitFileType = wrapper.cfbundle; includeInIndex = 0; path = phlixUITests.xctest; sourceTree = BUILT_PRODUCTS_DIR; };
		0F54A515235AB1A10020CB51 /* phlixUITests.swift */ = {isa = PBXFileReference; lastKnownFileType = sourcecode.swift; path = phlixUITests.swift; sourceTree = "<group>"; };
		0F54A517235AB1A10020CB51 /* Info.plist */ = {isa = PBXFileReference; lastKnownFileType = text.plist.xml; path = Info.plist; sourceTree = "<group>"; };
		0F54A523235AB4E60020CB51 /* MoviesViewController.swift */ = {isa = PBXFileReference; lastKnownFileType = sourcecode.swift; path = MoviesViewController.swift; sourceTree = "<group>"; };
		0F54A525235ACADA0020CB51 /* MovieCell.swift */ = {isa = PBXFileReference; lastKnownFileType = sourcecode.swift; path = MovieCell.swift; sourceTree = "<group>"; };
		84F5518241CA9AAA7E315258 /* Pods-phlix.debug.xcconfig */ = {isa = PBXFileReference; includeInIndex = 1; lastKnownFileType = text.xcconfig; name = "Pods-phlix.debug.xcconfig"; path = "Target Support Files/Pods-phlix/Pods-phlix.debug.xcconfig"; sourceTree = "<group>"; };
		8B5D01E605D19275133C9CB4 /* Pods_phlix.framework */ = {isa = PBXFileReference; explicitFileType = wrapper.framework; includeInIndex = 0; path = Pods_phlix.framework; sourceTree = BUILT_PRODUCTS_DIR; };
		8D8DC3D08E2CC252EDA49C35 /* Pods-phlix.release.xcconfig */ = {isa = PBXFileReference; includeInIndex = 1; lastKnownFileType = text.xcconfig; name = "Pods-phlix.release.xcconfig"; path = "Target Support Files/Pods-phlix/Pods-phlix.release.xcconfig"; sourceTree = "<group>"; };
		97F9392DD06E018B807A3329 /* Pods_phlix_phlixUITests.framework */ = {isa = PBXFileReference; explicitFileType = wrapper.framework; includeInIndex = 0; path = Pods_phlix_phlixUITests.framework; sourceTree = BUILT_PRODUCTS_DIR; };
		9E42CBD9B5133D0F606DA2CD /* Pods-phlixTests.release.xcconfig */ = {isa = PBXFileReference; includeInIndex = 1; lastKnownFileType = text.xcconfig; name = "Pods-phlixTests.release.xcconfig"; path = "Target Support Files/Pods-phlixTests/Pods-phlixTests.release.xcconfig"; sourceTree = "<group>"; };
		B56D64F193282AC30BD038E0 /* Pods-phlixTests.debug.xcconfig */ = {isa = PBXFileReference; includeInIndex = 1; lastKnownFileType = text.xcconfig; name = "Pods-phlixTests.debug.xcconfig"; path = "Target Support Files/Pods-phlixTests/Pods-phlixTests.debug.xcconfig"; sourceTree = "<group>"; };
		CEBD95604F903B78461C9C2C /* Pods_phlixTests.framework */ = {isa = PBXFileReference; explicitFileType = wrapper.framework; includeInIndex = 0; path = Pods_phlixTests.framework; sourceTree = BUILT_PRODUCTS_DIR; };
		D8C3C79539F9DA61D731D98B /* Pods-phlix-phlixUITests.debug.xcconfig */ = {isa = PBXFileReference; includeInIndex = 1; lastKnownFileType = text.xcconfig; name = "Pods-phlix-phlixUITests.debug.xcconfig"; path = "Target Support Files/Pods-phlix-phlixUITests/Pods-phlix-phlixUITests.debug.xcconfig"; sourceTree = "<group>"; };
		E1CC3DE0815807A5CBD5542D /* Pods-phlix-phlixUITests.release.xcconfig */ = {isa = PBXFileReference; includeInIndex = 1; lastKnownFileType = text.xcconfig; name = "Pods-phlix-phlixUITests.release.xcconfig"; path = "Target Support Files/Pods-phlix-phlixUITests/Pods-phlix-phlixUITests.release.xcconfig"; sourceTree = "<group>"; };
/* End PBXFileReference section */

/* Begin PBXFrameworksBuildPhase section */
		0F54A4EF235AB19F0020CB51 /* Frameworks */ = {
			isa = PBXFrameworksBuildPhase;
			buildActionMask = 2147483647;
			files = (
				F5BD119695B46A9AD296B787 /* Pods_phlix.framework in Frameworks */,
			);
			runOnlyForDeploymentPostprocessing = 0;
		};
		0F54A503235AB1A10020CB51 /* Frameworks */ = {
			isa = PBXFrameworksBuildPhase;
			buildActionMask = 2147483647;
			files = (
				37D9C98EB897D4C0E6D1AE40 /* Pods_phlixTests.framework in Frameworks */,
			);
			runOnlyForDeploymentPostprocessing = 0;
		};
		0F54A50E235AB1A10020CB51 /* Frameworks */ = {
			isa = PBXFrameworksBuildPhase;
			buildActionMask = 2147483647;
			files = (
				818B320EC3C639F7A190C69C /* Pods_phlix_phlixUITests.framework in Frameworks */,
			);
			runOnlyForDeploymentPostprocessing = 0;
		};
/* End PBXFrameworksBuildPhase section */

/* Begin PBXGroup section */
		0F54A4E9235AB19F0020CB51 = {
			isa = PBXGroup;
			children = (
				0F54A4F4235AB19F0020CB51 /* phlix */,
				0F54A509235AB1A10020CB51 /* phlixTests */,
				0F54A514235AB1A10020CB51 /* phlixUITests */,
				0F54A4F3235AB19F0020CB51 /* Products */,
				C3F7C752C2C1B4545902A90D /* Pods */,
				7FB851C9723AED2AE67417A3 /* Frameworks */,
			);
			sourceTree = "<group>";
		};
		0F54A4F3235AB19F0020CB51 /* Products */ = {
			isa = PBXGroup;
			children = (
				0F54A4F2235AB19F0020CB51 /* phlix.app */,
				0F54A506235AB1A10020CB51 /* phlixTests.xctest */,
				0F54A511235AB1A10020CB51 /* phlixUITests.xctest */,
			);
			name = Products;
			sourceTree = "<group>";
		};
		0F54A4F4235AB19F0020CB51 /* phlix */ = {
			isa = PBXGroup;
			children = (
				0F54A4F5235AB19F0020CB51 /* AppDelegate.swift */,
				0F54A523235AB4E60020CB51 /* MoviesViewController.swift */,
				0F54A4F9235AB19F0020CB51 /* Main.storyboard */,
				0F54A525235ACADA0020CB51 /* MovieCell.swift */,
				0F54A4FC235AB1A10020CB51 /* Assets.xcassets */,
				0F54A4FE235AB1A10020CB51 /* LaunchScreen.storyboard */,
				0F54A501235AB1A10020CB51 /* Info.plist */,
			);
			path = phlix;
			sourceTree = "<group>";
		};
		0F54A509235AB1A10020CB51 /* phlixTests */ = {
			isa = PBXGroup;
			children = (
				0F54A50A235AB1A10020CB51 /* phlixTests.swift */,
				0F54A50C235AB1A10020CB51 /* Info.plist */,
			);
			path = phlixTests;
			sourceTree = "<group>";
		};
		0F54A514235AB1A10020CB51 /* phlixUITests */ = {
			isa = PBXGroup;
			children = (
				0F54A515235AB1A10020CB51 /* phlixUITests.swift */,
				0F54A517235AB1A10020CB51 /* Info.plist */,
			);
			path = phlixUITests;
			sourceTree = "<group>";
		};
		7FB851C9723AED2AE67417A3 /* Frameworks */ = {
			isa = PBXGroup;
			children = (
				8B5D01E605D19275133C9CB4 /* Pods_phlix.framework */,
				97F9392DD06E018B807A3329 /* Pods_phlix_phlixUITests.framework */,
				CEBD95604F903B78461C9C2C /* Pods_phlixTests.framework */,
			);
			name = Frameworks;
			sourceTree = "<group>";
		};
		C3F7C752C2C1B4545902A90D /* Pods */ = {
			isa = PBXGroup;
			children = (
				84F5518241CA9AAA7E315258 /* Pods-phlix.debug.xcconfig */,
				8D8DC3D08E2CC252EDA49C35 /* Pods-phlix.release.xcconfig */,
				D8C3C79539F9DA61D731D98B /* Pods-phlix-phlixUITests.debug.xcconfig */,
				E1CC3DE0815807A5CBD5542D /* Pods-phlix-phlixUITests.release.xcconfig */,
				B56D64F193282AC30BD038E0 /* Pods-phlixTests.debug.xcconfig */,
				9E42CBD9B5133D0F606DA2CD /* Pods-phlixTests.release.xcconfig */,
			);
			name = Pods;
			path = Pods;
			sourceTree = "<group>";
		};
/* End PBXGroup section */

/* Begin PBXNativeTarget section */
		0F54A4F1235AB19F0020CB51 /* phlix */ = {
			isa = PBXNativeTarget;
			buildConfigurationList = 0F54A51A235AB1A10020CB51 /* Build configuration list for PBXNativeTarget "phlix" */;
			buildPhases = (
				2107842C1115981054ADB7B9 /* [CP] Check Pods Manifest.lock */,
				0F54A4EE235AB19F0020CB51 /* Sources */,
				0F54A4EF235AB19F0020CB51 /* Frameworks */,
				0F54A4F0235AB19F0020CB51 /* Resources */,
				DADC3BCD8D3E9580B627EDBC /* [CP] Embed Pods Frameworks */,
			);
			buildRules = (
			);
			dependencies = (
			);
			name = phlix;
			productName = phlix;
			productReference = 0F54A4F2235AB19F0020CB51 /* phlix.app */;
			productType = "com.apple.product-type.application";
		};
		0F54A505235AB1A10020CB51 /* phlixTests */ = {
			isa = PBXNativeTarget;
			buildConfigurationList = 0F54A51D235AB1A10020CB51 /* Build configuration list for PBXNativeTarget "phlixTests" */;
			buildPhases = (
				A6CEFD4A6EEB3F7B6CF91A37 /* [CP] Check Pods Manifest.lock */,
				0F54A502235AB1A10020CB51 /* Sources */,
				0F54A503235AB1A10020CB51 /* Frameworks */,
				0F54A504235AB1A10020CB51 /* Resources */,
			);
			buildRules = (
			);
			dependencies = (
				0F54A508235AB1A10020CB51 /* PBXTargetDependency */,
			);
			name = phlixTests;
			productName = phlixTests;
			productReference = 0F54A506235AB1A10020CB51 /* phlixTests.xctest */;
			productType = "com.apple.product-type.bundle.unit-test";
		};
		0F54A510235AB1A10020CB51 /* phlixUITests */ = {
			isa = PBXNativeTarget;
			buildConfigurationList = 0F54A520235AB1A10020CB51 /* Build configuration list for PBXNativeTarget "phlixUITests" */;
			buildPhases = (
				136AFCE422F42F56804ED6ED /* [CP] Check Pods Manifest.lock */,
				0F54A50D235AB1A10020CB51 /* Sources */,
				0F54A50E235AB1A10020CB51 /* Frameworks */,
				0F54A50F235AB1A10020CB51 /* Resources */,
				35F56DC375F40D86ACF58849 /* [CP] Embed Pods Frameworks */,
			);
			buildRules = (
			);
			dependencies = (
				0F54A513235AB1A10020CB51 /* PBXTargetDependency */,
			);
			name = phlixUITests;
			productName = phlixUITests;
			productReference = 0F54A511235AB1A10020CB51 /* phlixUITests.xctest */;
			productType = "com.apple.product-type.bundle.ui-testing";
		};
/* End PBXNativeTarget section */

/* Begin PBXProject section */
		0F54A4EA235AB19F0020CB51 /* Project object */ = {
			isa = PBXProject;
			attributes = {
				LastSwiftUpdateCheck = 1030;
				LastUpgradeCheck = 1030;
				ORGANIZATIONNAME = "Catherine Giraldo";
				TargetAttributes = {
					0F54A4F1235AB19F0020CB51 = {
						CreatedOnToolsVersion = 10.3;
					};
					0F54A505235AB1A10020CB51 = {
						CreatedOnToolsVersion = 10.3;
						TestTargetID = 0F54A4F1235AB19F0020CB51;
					};
					0F54A510235AB1A10020CB51 = {
						CreatedOnToolsVersion = 10.3;
						TestTargetID = 0F54A4F1235AB19F0020CB51;
					};
				};
			};
			buildConfigurationList = 0F54A4ED235AB19F0020CB51 /* Build configuration list for PBXProject "phlix" */;
			compatibilityVersion = "Xcode 9.3";
			developmentRegion = en;
			hasScannedForEncodings = 0;
			knownRegions = (
				en,
				Base,
			);
			mainGroup = 0F54A4E9235AB19F0020CB51;
			productRefGroup = 0F54A4F3235AB19F0020CB51 /* Products */;
			projectDirPath = "";
			projectRoot = "";
			targets = (
				0F54A4F1235AB19F0020CB51 /* phlix */,
				0F54A505235AB1A10020CB51 /* phlixTests */,
				0F54A510235AB1A10020CB51 /* phlixUITests */,
			);
		};
/* End PBXProject section */

/* Begin PBXResourcesBuildPhase section */
		0F54A4F0235AB19F0020CB51 /* Resources */ = {
			isa = PBXResourcesBuildPhase;
			buildActionMask = 2147483647;
			files = (
				0F54A500235AB1A10020CB51 /* LaunchScreen.storyboard in Resources */,
				0F54A4FD235AB1A10020CB51 /* Assets.xcassets in Resources */,
				0F54A4FB235AB19F0020CB51 /* Main.storyboard in Resources */,
			);
			runOnlyForDeploymentPostprocessing = 0;
		};
		0F54A504235AB1A10020CB51 /* Resources */ = {
			isa = PBXResourcesBuildPhase;
			buildActionMask = 2147483647;
			files = (
			);
			runOnlyForDeploymentPostprocessing = 0;
		};
		0F54A50F235AB1A10020CB51 /* Resources */ = {
			isa = PBXResourcesBuildPhase;
			buildActionMask = 2147483647;
			files = (
			);
			runOnlyForDeploymentPostprocessing = 0;
		};
/* End PBXResourcesBuildPhase section */

/* Begin PBXShellScriptBuildPhase section */
		136AFCE422F42F56804ED6ED /* [CP] Check Pods Manifest.lock */ = {
			isa = PBXShellScriptBuildPhase;
			buildActionMask = 2147483647;
			files = (
			);
			inputFileListPaths = (
			);
			inputPaths = (
				"${PODS_PODFILE_DIR_PATH}/Podfile.lock",
				"${PODS_ROOT}/Manifest.lock",
			);
			name = "[CP] Check Pods Manifest.lock";
			outputFileListPaths = (
			);
			outputPaths = (
				"$(DERIVED_FILE_DIR)/Pods-phlix-phlixUITests-checkManifestLockResult.txt",
			);
			runOnlyForDeploymentPostprocessing = 0;
			shellPath = /bin/sh;
			shellScript = "diff \"${PODS_PODFILE_DIR_PATH}/Podfile.lock\" \"${PODS_ROOT}/Manifest.lock\" > /dev/null\nif [ $? != 0 ] ; then\n    # print error to STDERR\n    echo \"error: The sandbox is not in sync with the Podfile.lock. Run 'pod install' or update your CocoaPods installation.\" >&2\n    exit 1\nfi\n# This output is used by Xcode 'outputs' to avoid re-running this script phase.\necho \"SUCCESS\" > \"${SCRIPT_OUTPUT_FILE_0}\"\n";
			showEnvVarsInLog = 0;
		};
		2107842C1115981054ADB7B9 /* [CP] Check Pods Manifest.lock */ = {
			isa = PBXShellScriptBuildPhase;
			buildActionMask = 2147483647;
			files = (
			);
			inputFileListPaths = (
			);
			inputPaths = (
				"${PODS_PODFILE_DIR_PATH}/Podfile.lock",
				"${PODS_ROOT}/Manifest.lock",
			);
			name = "[CP] Check Pods Manifest.lock";
			outputFileListPaths = (
			);
			outputPaths = (
				"$(DERIVED_FILE_DIR)/Pods-phlix-checkManifestLockResult.txt",
			);
			runOnlyForDeploymentPostprocessing = 0;
			shellPath = /bin/sh;
			shellScript = "diff \"${PODS_PODFILE_DIR_PATH}/Podfile.lock\" \"${PODS_ROOT}/Manifest.lock\" > /dev/null\nif [ $? != 0 ] ; then\n    # print error to STDERR\n    echo \"error: The sandbox is not in sync with the Podfile.lock. Run 'pod install' or update your CocoaPods installation.\" >&2\n    exit 1\nfi\n# This output is used by Xcode 'outputs' to avoid re-running this script phase.\necho \"SUCCESS\" > \"${SCRIPT_OUTPUT_FILE_0}\"\n";
			showEnvVarsInLog = 0;
		};
		35F56DC375F40D86ACF58849 /* [CP] Embed Pods Frameworks */ = {
			isa = PBXShellScriptBuildPhase;
			buildActionMask = 2147483647;
			files = (
			);
			inputFileListPaths = (
				"${PODS_ROOT}/Target Support Files/Pods-phlix-phlixUITests/Pods-phlix-phlixUITests-frameworks-${CONFIGURATION}-input-files.xcfilelist",
			);
			name = "[CP] Embed Pods Frameworks";
			outputFileListPaths = (
				"${PODS_ROOT}/Target Support Files/Pods-phlix-phlixUITests/Pods-phlix-phlixUITests-frameworks-${CONFIGURATION}-output-files.xcfilelist",
			);
			runOnlyForDeploymentPostprocessing = 0;
			shellPath = /bin/sh;
			shellScript = "\"${PODS_ROOT}/Target Support Files/Pods-phlix-phlixUITests/Pods-phlix-phlixUITests-frameworks.sh\"\n";
			showEnvVarsInLog = 0;
		};
		A6CEFD4A6EEB3F7B6CF91A37 /* [CP] Check Pods Manifest.lock */ = {
			isa = PBXShellScriptBuildPhase;
			buildActionMask = 2147483647;
			files = (
			);
			inputFileListPaths = (
			);
			inputPaths = (
				"${PODS_PODFILE_DIR_PATH}/Podfile.lock",
				"${PODS_ROOT}/Manifest.lock",
			);
			name = "[CP] Check Pods Manifest.lock";
			outputFileListPaths = (
			);
			outputPaths = (
				"$(DERIVED_FILE_DIR)/Pods-phlixTests-checkManifestLockResult.txt",
			);
			runOnlyForDeploymentPostprocessing = 0;
			shellPath = /bin/sh;
			shellScript = "diff \"${PODS_PODFILE_DIR_PATH}/Podfile.lock\" \"${PODS_ROOT}/Manifest.lock\" > /dev/null\nif [ $? != 0 ] ; then\n    # print error to STDERR\n    echo \"error: The sandbox is not in sync with the Podfile.lock. Run 'pod install' or update your CocoaPods installation.\" >&2\n    exit 1\nfi\n# This output is used by Xcode 'outputs' to avoid re-running this script phase.\necho \"SUCCESS\" > \"${SCRIPT_OUTPUT_FILE_0}\"\n";
			showEnvVarsInLog = 0;
		};
		DADC3BCD8D3E9580B627EDBC /* [CP] Embed Pods Frameworks */ = {
			isa = PBXShellScriptBuildPhase;
			buildActionMask = 2147483647;
			files = (
			);
			inputFileListPaths = (
				"${PODS_ROOT}/Target Support Files/Pods-phlix/Pods-phlix-frameworks-${CONFIGURATION}-input-files.xcfilelist",
			);
			name = "[CP] Embed Pods Frameworks";
			outputFileListPaths = (
				"${PODS_ROOT}/Target Support Files/Pods-phlix/Pods-phlix-frameworks-${CONFIGURATION}-output-files.xcfilelist",
			);
			runOnlyForDeploymentPostprocessing = 0;
			shellPath = /bin/sh;
			shellScript = "\"${PODS_ROOT}/Target Support Files/Pods-phlix/Pods-phlix-frameworks.sh\"\n";
			showEnvVarsInLog = 0;
		};
/* End PBXShellScriptBuildPhase section */

/* Begin PBXSourcesBuildPhase section */
		0F54A4EE235AB19F0020CB51 /* Sources */ = {
			isa = PBXSourcesBuildPhase;
			buildActionMask = 2147483647;
			files = (
				0F54A4F6235AB19F0020CB51 /* AppDelegate.swift in Sources */,
				0F54A524235AB4E60020CB51 /* MoviesViewController.swift in Sources */,
				0F54A526235ACADA0020CB51 /* MovieCell.swift in Sources */,
			);
			runOnlyForDeploymentPostprocessing = 0;
		};
		0F54A502235AB1A10020CB51 /* Sources */ = {
			isa = PBXSourcesBuildPhase;
			buildActionMask = 2147483647;
			files = (
				0F54A50B235AB1A10020CB51 /* phlixTests.swift in Sources */,
			);
			runOnlyForDeploymentPostprocessing = 0;
		};
		0F54A50D235AB1A10020CB51 /* Sources */ = {
			isa = PBXSourcesBuildPhase;
			buildActionMask = 2147483647;
			files = (
				0F54A516235AB1A10020CB51 /* phlixUITests.swift in Sources */,
			);
			runOnlyForDeploymentPostprocessing = 0;
		};
/* End PBXSourcesBuildPhase section */

/* Begin PBXTargetDependency section */
		0F54A508235AB1A10020CB51 /* PBXTargetDependency */ = {
			isa = PBXTargetDependency;
			target = 0F54A4F1235AB19F0020CB51 /* phlix */;
			targetProxy = 0F54A507235AB1A10020CB51 /* PBXContainerItemProxy */;
		};
		0F54A513235AB1A10020CB51 /* PBXTargetDependency */ = {
			isa = PBXTargetDependency;
			target = 0F54A4F1235AB19F0020CB51 /* phlix */;
			targetProxy = 0F54A512235AB1A10020CB51 /* PBXContainerItemProxy */;
		};
/* End PBXTargetDependency section */

/* Begin PBXVariantGroup section */
		0F54A4F9235AB19F0020CB51 /* Main.storyboard */ = {
			isa = PBXVariantGroup;
			children = (
				0F54A4FA235AB19F0020CB51 /* Base */,
			);
			name = Main.storyboard;
			sourceTree = "<group>";
		};
		0F54A4FE235AB1A10020CB51 /* LaunchScreen.storyboard */ = {
			isa = PBXVariantGroup;
			children = (
				0F54A4FF235AB1A10020CB51 /* Base */,
			);
			name = LaunchScreen.storyboard;
			sourceTree = "<group>";
		};
/* End PBXVariantGroup section */

/* Begin XCBuildConfiguration section */
		0F54A518235AB1A10020CB51 /* Debug */ = {
			isa = XCBuildConfiguration;
			buildSettings = {
				ALWAYS_SEARCH_USER_PATHS = NO;
				CLANG_ANALYZER_NONNULL = YES;
				CLANG_ANALYZER_NUMBER_OBJECT_CONVERSION = YES_AGGRESSIVE;
				CLANG_CXX_LANGUAGE_STANDARD = "gnu++14";
				CLANG_CXX_LIBRARY = "libc++";
				CLANG_ENABLE_MODULES = YES;
				CLANG_ENABLE_OBJC_ARC = YES;
				CLANG_ENABLE_OBJC_WEAK = YES;
				CLANG_WARN_BLOCK_CAPTURE_AUTORELEASING = YES;
				CLANG_WARN_BOOL_CONVERSION = YES;
				CLANG_WARN_COMMA = YES;
				CLANG_WARN_CONSTANT_CONVERSION = YES;
				CLANG_WARN_DEPRECATED_OBJC_IMPLEMENTATIONS = YES;
				CLANG_WARN_DIRECT_OBJC_ISA_USAGE = YES_ERROR;
				CLANG_WARN_DOCUMENTATION_COMMENTS = YES;
				CLANG_WARN_EMPTY_BODY = YES;
				CLANG_WARN_ENUM_CONVERSION = YES;
				CLANG_WARN_INFINITE_RECURSION = YES;
				CLANG_WARN_INT_CONVERSION = YES;
				CLANG_WARN_NON_LITERAL_NULL_CONVERSION = YES;
				CLANG_WARN_OBJC_IMPLICIT_RETAIN_SELF = YES;
				CLANG_WARN_OBJC_LITERAL_CONVERSION = YES;
				CLANG_WARN_OBJC_ROOT_CLASS = YES_ERROR;
				CLANG_WARN_RANGE_LOOP_ANALYSIS = YES;
				CLANG_WARN_STRICT_PROTOTYPES = YES;
				CLANG_WARN_SUSPICIOUS_MOVE = YES;
				CLANG_WARN_UNGUARDED_AVAILABILITY = YES_AGGRESSIVE;
				CLANG_WARN_UNREACHABLE_CODE = YES;
				CLANG_WARN__DUPLICATE_METHOD_MATCH = YES;
				CODE_SIGN_IDENTITY = "iPhone Developer";
				COPY_PHASE_STRIP = NO;
				DEBUG_INFORMATION_FORMAT = dwarf;
				ENABLE_STRICT_OBJC_MSGSEND = YES;
				ENABLE_TESTABILITY = YES;
				GCC_C_LANGUAGE_STANDARD = gnu11;
				GCC_DYNAMIC_NO_PIC = NO;
				GCC_NO_COMMON_BLOCKS = YES;
				GCC_OPTIMIZATION_LEVEL = 0;
				GCC_PREPROCESSOR_DEFINITIONS = (
					"DEBUG=1",
					"$(inherited)",
				);
				GCC_WARN_64_TO_32_BIT_CONVERSION = YES;
				GCC_WARN_ABOUT_RETURN_TYPE = YES_ERROR;
				GCC_WARN_UNDECLARED_SELECTOR = YES;
				GCC_WARN_UNINITIALIZED_AUTOS = YES_AGGRESSIVE;
				GCC_WARN_UNUSED_FUNCTION = YES;
				GCC_WARN_UNUSED_VARIABLE = YES;
				IPHONEOS_DEPLOYMENT_TARGET = 12.4;
				MTL_ENABLE_DEBUG_INFO = INCLUDE_SOURCE;
				MTL_FAST_MATH = YES;
				ONLY_ACTIVE_ARCH = YES;
				SDKROOT = iphoneos;
				SWIFT_ACTIVE_COMPILATION_CONDITIONS = DEBUG;
				SWIFT_OPTIMIZATION_LEVEL = "-Onone";
			};
			name = Debug;
		};
		0F54A519235AB1A10020CB51 /* Release */ = {
			isa = XCBuildConfiguration;
			buildSettings = {
				ALWAYS_SEARCH_USER_PATHS = NO;
				CLANG_ANALYZER_NONNULL = YES;
				CLANG_ANALYZER_NUMBER_OBJECT_CONVERSION = YES_AGGRESSIVE;
				CLANG_CXX_LANGUAGE_STANDARD = "gnu++14";
				CLANG_CXX_LIBRARY = "libc++";
				CLANG_ENABLE_MODULES = YES;
				CLANG_ENABLE_OBJC_ARC = YES;
				CLANG_ENABLE_OBJC_WEAK = YES;
				CLANG_WARN_BLOCK_CAPTURE_AUTORELEASING = YES;
				CLANG_WARN_BOOL_CONVERSION = YES;
				CLANG_WARN_COMMA = YES;
				CLANG_WARN_CONSTANT_CONVERSION = YES;
				CLANG_WARN_DEPRECATED_OBJC_IMPLEMENTATIONS = YES;
				CLANG_WARN_DIRECT_OBJC_ISA_USAGE = YES_ERROR;
				CLANG_WARN_DOCUMENTATION_COMMENTS = YES;
				CLANG_WARN_EMPTY_BODY = YES;
				CLANG_WARN_ENUM_CONVERSION = YES;
				CLANG_WARN_INFINITE_RECURSION = YES;
				CLANG_WARN_INT_CONVERSION = YES;
				CLANG_WARN_NON_LITERAL_NULL_CONVERSION = YES;
				CLANG_WARN_OBJC_IMPLICIT_RETAIN_SELF = YES;
				CLANG_WARN_OBJC_LITERAL_CONVERSION = YES;
				CLANG_WARN_OBJC_ROOT_CLASS = YES_ERROR;
				CLANG_WARN_RANGE_LOOP_ANALYSIS = YES;
				CLANG_WARN_STRICT_PROTOTYPES = YES;
				CLANG_WARN_SUSPICIOUS_MOVE = YES;
				CLANG_WARN_UNGUARDED_AVAILABILITY = YES_AGGRESSIVE;
				CLANG_WARN_UNREACHABLE_CODE = YES;
				CLANG_WARN__DUPLICATE_METHOD_MATCH = YES;
				CODE_SIGN_IDENTITY = "iPhone Developer";
				COPY_PHASE_STRIP = NO;
				DEBUG_INFORMATION_FORMAT = "dwarf-with-dsym";
				ENABLE_NS_ASSERTIONS = NO;
				ENABLE_STRICT_OBJC_MSGSEND = YES;
				GCC_C_LANGUAGE_STANDARD = gnu11;
				GCC_NO_COMMON_BLOCKS = YES;
				GCC_WARN_64_TO_32_BIT_CONVERSION = YES;
				GCC_WARN_ABOUT_RETURN_TYPE = YES_ERROR;
				GCC_WARN_UNDECLARED_SELECTOR = YES;
				GCC_WARN_UNINITIALIZED_AUTOS = YES_AGGRESSIVE;
				GCC_WARN_UNUSED_FUNCTION = YES;
				GCC_WARN_UNUSED_VARIABLE = YES;
				IPHONEOS_DEPLOYMENT_TARGET = 12.4;
				MTL_ENABLE_DEBUG_INFO = NO;
				MTL_FAST_MATH = YES;
				SDKROOT = iphoneos;
				SWIFT_COMPILATION_MODE = wholemodule;
				SWIFT_OPTIMIZATION_LEVEL = "-O";
				VALIDATE_PRODUCT = YES;
			};
			name = Release;
		};
		0F54A51B235AB1A10020CB51 /* Debug */ = {
			isa = XCBuildConfiguration;
			baseConfigurationReference = 84F5518241CA9AAA7E315258 /* Pods-phlix.debug.xcconfig */;
			buildSettings = {
				ASSETCATALOG_COMPILER_APPICON_NAME = AppIcon;
				CODE_SIGN_STYLE = Automatic;
				INFOPLIST_FILE = phlix/Info.plist;
				LD_RUNPATH_SEARCH_PATHS = (
					"$(inherited)",
					"@executable_path/Frameworks",
				);
				PRODUCT_BUNDLE_IDENTIFIER = CatGiraldo.phlix;
				PRODUCT_NAME = "$(TARGET_NAME)";
				SWIFT_VERSION = 5.0;
				TARGETED_DEVICE_FAMILY = "1,2";
			};
			name = Debug;
		};
		0F54A51C235AB1A10020CB51 /* Release */ = {
			isa = XCBuildConfiguration;
			baseConfigurationReference = 8D8DC3D08E2CC252EDA49C35 /* Pods-phlix.release.xcconfig */;
			buildSettings = {
				ASSETCATALOG_COMPILER_APPICON_NAME = AppIcon;
				CODE_SIGN_STYLE = Automatic;
				INFOPLIST_FILE = phlix/Info.plist;
				LD_RUNPATH_SEARCH_PATHS = (
					"$(inherited)",
					"@executable_path/Frameworks",
				);
				PRODUCT_BUNDLE_IDENTIFIER = CatGiraldo.phlix;
				PRODUCT_NAME = "$(TARGET_NAME)";
				SWIFT_VERSION = 5.0;
				TARGETED_DEVICE_FAMILY = "1,2";
			};
			name = Release;
		};
		0F54A51E235AB1A10020CB51 /* Debug */ = {
			isa = XCBuildConfiguration;
			baseConfigurationReference = B56D64F193282AC30BD038E0 /* Pods-phlixTests.debug.xcconfig */;
			buildSettings = {
				ALWAYS_EMBED_SWIFT_STANDARD_LIBRARIES = YES;
				BUNDLE_LOADER = "$(TEST_HOST)";
				CODE_SIGN_STYLE = Automatic;
				INFOPLIST_FILE = phlixTests/Info.plist;
				LD_RUNPATH_SEARCH_PATHS = (
					"$(inherited)",
					"@executable_path/Frameworks",
					"@loader_path/Frameworks",
				);
				PRODUCT_BUNDLE_IDENTIFIER = CatGiraldo.phlixTests;
				PRODUCT_NAME = "$(TARGET_NAME)";
				SWIFT_VERSION = 5.0;
				TARGETED_DEVICE_FAMILY = "1,2";
				TEST_HOST = "$(BUILT_PRODUCTS_DIR)/phlix.app/phlix";
			};
			name = Debug;
		};
		0F54A51F235AB1A10020CB51 /* Release */ = {
			isa = XCBuildConfiguration;
			baseConfigurationReference = 9E42CBD9B5133D0F606DA2CD /* Pods-phlixTests.release.xcconfig */;
			buildSettings = {
				ALWAYS_EMBED_SWIFT_STANDARD_LIBRARIES = YES;
				BUNDLE_LOADER = "$(TEST_HOST)";
				CODE_SIGN_STYLE = Automatic;
				INFOPLIST_FILE = phlixTests/Info.plist;
				LD_RUNPATH_SEARCH_PATHS = (
					"$(inherited)",
					"@executable_path/Frameworks",
					"@loader_path/Frameworks",
				);
				PRODUCT_BUNDLE_IDENTIFIER = CatGiraldo.phlixTests;
				PRODUCT_NAME = "$(TARGET_NAME)";
				SWIFT_VERSION = 5.0;
				TARGETED_DEVICE_FAMILY = "1,2";
				TEST_HOST = "$(BUILT_PRODUCTS_DIR)/phlix.app/phlix";
			};
			name = Release;
		};
		0F54A521235AB1A10020CB51 /* Debug */ = {
			isa = XCBuildConfiguration;
			baseConfigurationReference = D8C3C79539F9DA61D731D98B /* Pods-phlix-phlixUITests.debug.xcconfig */;
			buildSettings = {
				ALWAYS_EMBED_SWIFT_STANDARD_LIBRARIES = YES;
				CODE_SIGN_STYLE = Automatic;
				INFOPLIST_FILE = phlixUITests/Info.plist;
				LD_RUNPATH_SEARCH_PATHS = (
					"$(inherited)",
					"@executable_path/Frameworks",
					"@loader_path/Frameworks",
				);
				PRODUCT_BUNDLE_IDENTIFIER = CatGiraldo.phlixUITests;
				PRODUCT_NAME = "$(TARGET_NAME)";
				SWIFT_VERSION = 5.0;
				TARGETED_DEVICE_FAMILY = "1,2";
				TEST_TARGET_NAME = phlix;
			};
			name = Debug;
		};
		0F54A522235AB1A10020CB51 /* Release */ = {
			isa = XCBuildConfiguration;
			baseConfigurationReference = E1CC3DE0815807A5CBD5542D /* Pods-phlix-phlixUITests.release.xcconfig */;
			buildSettings = {
				ALWAYS_EMBED_SWIFT_STANDARD_LIBRARIES = YES;
				CODE_SIGN_STYLE = Automatic;
				INFOPLIST_FILE = phlixUITests/Info.plist;
				LD_RUNPATH_SEARCH_PATHS = (
					"$(inherited)",
					"@executable_path/Frameworks",
					"@loader_path/Frameworks",
				);
				PRODUCT_BUNDLE_IDENTIFIER = CatGiraldo.phlixUITests;
				PRODUCT_NAME = "$(TARGET_NAME)";
				SWIFT_VERSION = 5.0;
				TARGETED_DEVICE_FAMILY = "1,2";
				TEST_TARGET_NAME = phlix;
			};
			name = Release;
		};
/* End XCBuildConfiguration section */

/* Begin XCConfigurationList section */
		0F54A4ED235AB19F0020CB51 /* Build configuration list for PBXProject "phlix" */ = {
			isa = XCConfigurationList;
			buildConfigurations = (
				0F54A518235AB1A10020CB51 /* Debug */,
				0F54A519235AB1A10020CB51 /* Release */,
			);
			defaultConfigurationIsVisible = 0;
			defaultConfigurationName = Release;
		};
		0F54A51A235AB1A10020CB51 /* Build configuration list for PBXNativeTarget "phlix" */ = {
			isa = XCConfigurationList;
			buildConfigurations = (
				0F54A51B235AB1A10020CB51 /* Debug */,
				0F54A51C235AB1A10020CB51 /* Release */,
			);
			defaultConfigurationIsVisible = 0;
			defaultConfigurationName = Release;
		};
		0F54A51D235AB1A10020CB51 /* Build configuration list for PBXNativeTarget "phlixTests" */ = {
			isa = XCConfigurationList;
			buildConfigurations = (
				0F54A51E235AB1A10020CB51 /* Debug */,
				0F54A51F235AB1A10020CB51 /* Release */,
			);
			defaultConfigurationIsVisible = 0;
			defaultConfigurationName = Release;
		};
		0F54A520235AB1A10020CB51 /* Build configuration list for PBXNativeTarget "phlixUITests" */ = {
			isa = XCConfigurationList;
			buildConfigurations = (
				0F54A521235AB1A10020CB51 /* Debug */,
				0F54A522235AB1A10020CB51 /* Release */,
			);
			defaultConfigurationIsVisible = 0;
			defaultConfigurationName = Release;
		};
/* End XCConfigurationList section */
	};
	rootObject = 0F54A4EA235AB19F0020CB51 /* Project object */;
}
